github.com/vyberd/stylesheet v0.0.0-20230508130157-e93394cab397 h1:uUQKe8f5aRRuYMI32jpOvBQ70Dro4mL5mjxN6dNb8Pc=
github.com/vyberd/stylesheet v0.0.0-20230508130157-e93394cab397/go.mod h1:jrD+CjwvTp7At11ZXIyv0fWTaVy9V/RLLwUui5n0KEI=
github.com/vyberd/stylesheet v0.0.0-20230508132951-d62b845355ed h1:LO6wO57O4M8mahqwkQcbJlDFR+V9nftTtX9dpUFqlcc=
github.com/vyberd/stylesheet v0.0.0-20230508132951-d62b845355ed/go.mod h1:RPgxnbH2FhJj5QUwQGAhnZxpp/zCbVUUrWUJ2G3bNwg=
github.com/vyberd/tracking v0.0.0-20230508142508-df817e537ed9 h1:dexFuY3rG1ngs3qtp/3IJImFkdzY1Zfi4KsyB4MaC2k=
github.com/vyberd/tracking v0.0.0-20230508142508-df817e537ed9/go.mod h1:FEGIYUlkQtmWlRvBOHufAY5k/keLMfXSGCBoH17vTZs=
github.com/vyberd/tracking v0.0.0-20230513053629-658bc25b0854 h1:F/G04G6A9jxdFnTCp9MVClAUkr43K1vVUAmedYSjp/c=
github.com/vyberd/tracking v0.0.0-20230513053629-658bc25b0854/go.mod h1:FEGIYUlkQtmWlRvBOHufAY5k/keLMfXSGCBoH17vTZs=
github.com/vyberd/tracking v0.0.0-20230513063924-2de497d3c4c8 h1:qqvEtmey61IdFH6VSxErveZ9808i10zae/dTvMfRJNc=
github.com/vyberd/tracking v0.0.0-20230513063924-2de497d3c4c8/go.mod h1:FVmWQVYPZRQJXsZCajDNzQxQurE2y1jYUhaSacvI9PM=
